
Microsoft Visual Studio Solution File, Format Version 12.00
# Visual Studio Version 17
VisualStudioVersion = 17.4.33403.182
MinimumVisualStudioVersion = 10.0.40219.1
Project("{8BC9CEB8-8B4A-11D0-8D11-00A0C91BC942}") = "CPP_Section11", "CPP_Section11.vcxproj", "{345C16DA-C41F-4537-AF8F-C68E46F8992F}"
EndProject
Project("{8BC9CEB8-8B4A-11D0-8D11-00A0C91BC942}") = "functionDefinitions", "..\functionDefinitions\functionDefinitions.vcxproj", "{9A66C7D1-08DC-4E2F-BE51-5293F65B6073}"
EndProject
Project("{8BC9CEB8-8B4A-11D0-8D11-00A0C91BC942}") = "functionParameters", "..\functionParameters\functionParameters.vcxproj", "{D2FD2C14-617D-405A-B4E7-B6D10D861647}"
EndProject
Project("{8BC9CEB8-8B4A-11D0-8D11-00A0C91BC942}") = "defaultArguments", "..\defaultArguments\defaultArguments.vcxproj", "{A95935DE-CE01-4746-A8FD-B9FC2C53024E}"
EndProject
Project("{8BC9CEB8-8B4A-11D0-8D11-00A0C91BC942}") = "functionOverloading", "..\functionOverloading\functionOverloading.vcxproj", "{3A4361D2-0EBF-4BC0-B135-4C360530CE6F}"
EndProject
Project("{8BC9CEB8-8B4A-11D0-8D11-00A0C91BC942}") = "arraysAndFunctions", "..\arraysAndFunctions\arraysAndFunctions.vcxproj", "{BEDC813E-A4CB-493F-86FA-AD7A8925ADF4}"
EndProject
Project("{8BC9CEB8-8B4A-11D0-8D11-00A0C91BC942}") = "passByReference", "..\passByReference\passByReference.vcxproj", "{D0ECB364-DC64-4391-8329-91915FFA2C7E}"
EndProject
Project("{8BC9CEB8-8B4A-11D0-8D11-00A0C91BC942}") = "scopeRules", "..\scopeRules\scopeRules.vcxproj", "{F9C6FBA6-CF9F-4540-8835-6112DD51EA8F}"
EndProject
Global
	GlobalSection(SolutionConfigurationPlatforms) = preSolution
		Debug|x64 = Debug|x64
		Debug|x86 = Debug|x86
		Release|x64 = Release|x64
		Release|x86 = Release|x86
	EndGlobalSection
	GlobalSection(ProjectConfigurationPlatforms) = postSolution
		{345C16DA-C41F-4537-AF8F-C68E46F8992F}.Debug|x64.ActiveCfg = Debug|x64
		{345C16DA-C41F-4537-AF8F-C68E46F8992F}.Debug|x64.Build.0 = Debug|x64
		{345C16DA-C41F-4537-AF8F-C68E46F8992F}.Debug|x86.ActiveCfg = Debug|Win32
		{345C16DA-C41F-4537-AF8F-C68E46F8992F}.Debug|x86.Build.0 = Debug|Win32
		{345C16DA-C41F-4537-AF8F-C68E46F8992F}.Release|x64.ActiveCfg = Release|x64
		{345C16DA-C41F-4537-AF8F-C68E46F8992F}.Release|x64.Build.0 = Release|x64
		{345C16DA-C41F-4537-AF8F-C68E46F8992F}.Release|x86.ActiveCfg = Release|Win32
		{345C16DA-C41F-4537-AF8F-C68E46F8992F}.Release|x86.Build.0 = Release|Win32
		{9A66C7D1-08DC-4E2F-BE51-5293F65B6073}.Debug|x64.ActiveCfg = Debug|x64
		{9A66C7D1-08DC-4E2F-BE51-5293F65B6073}.Debug|x64.Build.0 = Debug|x64
		{9A66C7D1-08DC-4E2F-BE51-5293F65B6073}.Debug|x86.ActiveCfg = Debug|Win32
		{9A66C7D1-08DC-4E2F-BE51-5293F65B6073}.Debug|x86.Build.0 = Debug|Win32
		{9A66C7D1-08DC-4E2F-BE51-5293F65B6073}.Release|x64.ActiveCfg = Release|x64
		{9A66C7D1-08DC-4E2F-BE51-5293F65B6073}.Release|x64.Build.0 = Release|x64
		{9A66C7D1-08DC-4E2F-BE51-5293F65B6073}.Release|x86.ActiveCfg = Release|Win32
		{9A66C7D1-08DC-4E2F-BE51-5293F65B6073}.Release|x86.Build.0 = Release|Win32
		{D2FD2C14-617D-405A-B4E7-B6D10D861647}.Debug|x64.ActiveCfg = Debug|x64
		{D2FD2C14-617D-405A-B4E7-B6D10D861647}.Debug|x64.Build.0 = Debug|x64
		{D2FD2C14-617D-405A-B4E7-B6D10D861647}.Debug|x86.ActiveCfg = Debug|Win32
		{D2FD2C14-617D-405A-B4E7-B6D10D861647}.Debug|x86.Build.0 = Debug|Win32
		{D2FD2C14-617D-405A-B4E7-B6D10D861647}.Release|x64.ActiveCfg = Release|x64
		{D2FD2C14-617D-405A-B4E7-B6D10D861647}.Release|x64.Build.0 = Release|x64
		{D2FD2C14-617D-405A-B4E7-B6D10D861647}.Release|x86.ActiveCfg = Release|Win32
		{D2FD2C14-617D-405A-B4E7-B6D10D861647}.Release|x86.Build.0 = Release|Win32
		{A95935DE-CE01-4746-A8FD-B9FC2C53024E}.Debug|x64.ActiveCfg = Debug|x64
		{A95935DE-CE01-4746-A8FD-B9FC2C53024E}.Debug|x64.Build.0 = Debug|x64
		{A95935DE-CE01-4746-A8FD-B9FC2C53024E}.Debug|x86.ActiveCfg = Debug|Win32
		{A95935DE-CE01-4746-A8FD-B9FC2C53024E}.Debug|x86.Build.0 = Debug|Win32
		{A95935DE-CE01-4746-A8FD-B9FC2C53024E}.Release|x64.ActiveCfg = Release|x64
		{A95935DE-CE01-4746-A8FD-B9FC2C53024E}.Release|x64.Build.0 = Release|x64
		{A95935DE-CE01-4746-A8FD-B9FC2C53024E}.Release|x86.ActiveCfg = Release|Win32
		{A95935DE-CE01-4746-A8FD-B9FC2C53024E}.Release|x86.Build.0 = Release|Win32
		{3A4361D2-0EBF-4BC0-B135-4C360530CE6F}.Debug|x64.ActiveCfg = Debug|x64
		{3A4361D2-0EBF-4BC0-B135-4C360530CE6F}.Debug|x64.Build.0 = Debug|x64
		{3A4361D2-0EBF-4BC0-B135-4C360530CE6F}.Debug|x86.ActiveCfg = Debug|Win32
		{3A4361D2-0EBF-4BC0-B135-4C360530CE6F}.Debug|x86.Build.0 = Debug|Win32
		{3A4361D2-0EBF-4BC0-B135-4C360530CE6F}.Release|x64.ActiveCfg = Release|x64
		{3A4361D2-0EBF-4BC0-B135-4C360530CE6F}.Release|x64.Build.0 = Release|x64
		{3A4361D2-0EBF-4BC0-B135-4C360530CE6F}.Release|x86.ActiveCfg = Release|Win32
		{3A4361D2-0EBF-4BC0-B135-4C360530CE6F}.Release|x86.Build.0 = Release|Win32
		{BEDC813E-A4CB-493F-86FA-AD7A8925ADF4}.Debug|x64.ActiveCfg = Debug|x64
		{BEDC813E-A4CB-493F-86FA-AD7A8925ADF4}.Debug|x64.Build.0 = Debug|x64
		{BEDC813E-A4CB-493F-86FA-AD7A8925ADF4}.Debug|x86.ActiveCfg = Debug|Win32
		{BEDC813E-A4CB-493F-86FA-AD7A8925ADF4}.Debug|x86.Build.0 = Debug|Win32
		{BEDC813E-A4CB-493F-86FA-AD7A8925ADF4}.Release|x64.ActiveCfg = Release|x64
		{BEDC813E-A4CB-493F-86FA-AD7A8925ADF4}.Release|x64.Build.0 = Release|x64
		{BEDC813E-A4CB-493F-86FA-AD7A8925ADF4}.Release|x86.ActiveCfg = Release|Win32
		{BEDC813E-A4CB-493F-86FA-AD7A8925ADF4}.Release|x86.Build.0 = Release|Win32
		{D0ECB364-DC64-4391-8329-91915FFA2C7E}.Debug|x64.ActiveCfg = Debug|x64
		{D0ECB364-DC64-4391-8329-91915FFA2C7E}.Debug|x64.Build.0 = Debug|x64
		{D0ECB364-DC64-4391-8329-91915FFA2C7E}.Debug|x86.ActiveCfg = Debug|Win32
		{D0ECB364-DC64-4391-8329-91915FFA2C7E}.Debug|x86.Build.0 = Debug|Win32
		{D0ECB364-DC64-4391-8329-91915FFA2C7E}.Release|x64.ActiveCfg = Release|x64
		{D0ECB364-DC64-4391-8329-91915FFA2C7E}.Release|x64.Build.0 = Release|x64
		{D0ECB364-DC64-4391-8329-91915FFA2C7E}.Release|x86.ActiveCfg = Release|Win32
		{D0ECB364-DC64-4391-8329-91915FFA2C7E}.Release|x86.Build.0 = Release|Win32
		{F9C6FBA6-CF9F-4540-8835-6112DD51EA8F}.Debug|x64.ActiveCfg = Debug|x64
		{F9C6FBA6-CF9F-4540-8835-6112DD51EA8F}.Debug|x64.Build.0 = Debug|x64
		{F9C6FBA6-CF9F-4540-8835-6112DD51EA8F}.Debug|x86.ActiveCfg = Debug|Win32
		{F9C6FBA6-CF9F-4540-8835-6112DD51EA8F}.Debug|x86.Build.0 = Debug|Win32
		{F9C6FBA6-CF9F-4540-8835-6112DD51EA8F}.Release|x64.ActiveCfg = Release|x64
		{F9C6FBA6-CF9F-4540-8835-6112DD51EA8F}.Release|x64.Build.0 = Release|x64
		{F9C6FBA6-CF9F-4540-8835-6112DD51EA8F}.Release|x86.ActiveCfg = Release|Win32
		{F9C6FBA6-CF9F-4540-8835-6112DD51EA8F}.Release|x86.Build.0 = Release|Win32
	EndGlobalSection
	GlobalSection(SolutionProperties) = preSolution
		HideSolutionNode = FALSE
	EndGlobalSection
	GlobalSection(ExtensibilityGlobals) = postSolution
		SolutionGuid = {DE149ABF-0B48-49DE-B9C7-C6D0E35F1A2E}
	EndGlobalSection
EndGlobal
